// !$*UTF8*$!
{
	archiveVersion = 1;
	classes = {
	};
	objectVersion = 56;
	objects = {

/* Begin PBXBuildFile section */
		D6E3D4302B6957E400A7E93D /* HomeKitDemoApp.swift in Sources */ = {isa = PBXBuildFile; fileRef = D6E3D42F2B6957E400A7E93D /* HomeKitDemoApp.swift */; };
		D6E3D4322B6957E400A7E93D /* ContentView.swift in Sources */ = {isa = PBXBuildFile; fileRef = D6E3D4312B6957E400A7E93D /* ContentView.swift */; };
		D6E3D4342B6957E500A7E93D /* Assets.xcassets in Resources */ = {isa = PBXBuildFile; fileRef = D6E3D4332B6957E500A7E93D /* Assets.xcassets */; };
		D6E3D4372B6957E500A7E93D /* Preview Assets.xcassets in Resources */ = {isa = PBXBuildFile; fileRef = D6E3D4362B6957E500A7E93D /* Preview Assets.xcassets */; };
		D6E3D4412B6957E500A7E93D /* HomeKitDemoTests.swift in Sources */ = {isa = PBXBuildFile; fileRef = D6E3D4402B6957E500A7E93D /* HomeKitDemoTests.swift */; };
		D6E3D44B2B6957E500A7E93D /* HomeKitDemoUITests.swift in Sources */ = {isa = PBXBuildFile; fileRef = D6E3D44A2B6957E500A7E93D /* HomeKitDemoUITests.swift */; };
		D6E3D44D2B6957E500A7E93D /* HomeKitDemoUITestsLaunchTests.swift in Sources */ = {isa = PBXBuildFile; fileRef = D6E3D44C2B6957E500A7E93D /* HomeKitDemoUITestsLaunchTests.swift */; };
/* End PBXBuildFile section */

/* Begin PBXContainerItemProxy section */
		D6E3D43D2B6957E500A7E93D /* PBXContainerItemProxy */ = {
			isa = PBXContainerItemProxy;
			containerPortal = D6E3D4242B6957E400A7E93D /* Project object */;
			proxyType = 1;
			remoteGlobalIDString = D6E3D42B2B6957E400A7E93D;
			remoteInfo = HomeKitDemo;
		};
		D6E3D4472B6957E500A7E93D /* PBXContainerItemProxy */ = {
			isa = PBXContainerItemProxy;
			containerPortal = D6E3D4242B6957E400A7E93D /* Project object */;
			proxyType = 1;
			remoteGlobalIDString = D6E3D42B2B6957E400A7E93D;
			remoteInfo = HomeKitDemo;
		};
/* End PBXContainerItemProxy section */

/* Begin PBXFileReference section */
		D6E3D42C2B6957E400A7E93D /* HomeKitDemo.app */ = {isa = PBXFileReference; explicitFileType = wrapper.application; includeInIndex = 0; path = HomeKitDemo.app; sourceTree = BUILT_PRODUCTS_DIR; };
		D6E3D42F2B6957E400A7E93D /* HomeKitDemoApp.swift */ = {isa = PBXFileReference; lastKnownFileType = sourcecode.swift; path = HomeKitDemoApp.swift; sourceTree = "<group>"; };
		D6E3D4312B6957E400A7E93D /* ContentView.swift */ = {isa = PBXFileReference; lastKnownFileType = sourcecode.swift; path = ContentView.swift; sourceTree = "<group>"; };
		D6E3D4332B6957E500A7E93D /* Assets.xcassets */ = {isa = PBXFileReference; lastKnownFileType = folder.assetcatalog; path = Assets.xcassets; sourceTree = "<group>"; };
		D6E3D4362B6957E500A7E93D /* Preview Assets.xcassets */ = {isa = PBXFileReference; lastKnownFileType = folder.assetcatalog; path = "Preview Assets.xcassets"; sourceTree = "<group>"; };
		D6E3D43C2B6957E500A7E93D /* HomeKitDemoTests.xctest */ = {isa = PBXFileReference; explicitFileType = wrapper.cfbundle; includeInIndex = 0; path = HomeKitDemoTests.xctest; sourceTree = BUILT_PRODUCTS_DIR; };
		D6E3D4402B6957E500A7E93D /* HomeKitDemoTests.swift */ = {isa = PBXFileReference; lastKnownFileType = sourcecode.swift; path = HomeKitDemoTests.swift; sourceTree = "<group>"; };
		D6E3D4462B6957E500A7E93D /* HomeKitDemoUITests.xctest */ = {isa = PBXFileReference; explicitFileType = wrapper.cfbundle; includeInIndex = 0; path = HomeKitDemoUITests.xctest; sourceTree = BUILT_PRODUCTS_DIR; };
		D6E3D44A2B6957E500A7E93D /* HomeKitDemoUITests.swift */ = {isa = PBXFileReference; lastKnownFileType = sourcecode.swift; path = HomeKitDemoUITests.swift; sourceTree = "<group>"; };
		D6E3D44C2B6957E500A7E93D /* HomeKitDemoUITestsLaunchTests.swift */ = {isa = PBXFileReference; lastKnownFileType = sourcecode.swift; path = HomeKitDemoUITestsLaunchTests.swift; sourceTree = "<group>"; };
		D6E3D4592B69588D00A7E93D /* HomeKitDemo.entitlements */ = {isa = PBXFileReference; lastKnownFileType = text.plist.entitlements; path = HomeKitDemo.entitlements; sourceTree = "<group>"; };
		D6E3D45A2B6958BF00A7E93D /* Info.plist */ = {isa = PBXFileReference; lastKnownFileType = text.plist; path = Info.plist; sourceTree = "<group>"; };
/* End PBXFileReference section */

/* Begin PBXFrameworksBuildPhase section */
		D6E3D4292B6957E400A7E93D /* Frameworks */ = {
			isa = PBXFrameworksBuildPhase;
			buildActionMask = 2147483647;
			files = (
			);
			runOnlyForDeploymentPostprocessing = 0;
		};
		D6E3D4392B6957E500A7E93D /* Frameworks */ = {
			isa = PBXFrameworksBuildPhase;
			buildActionMask = 2147483647;
			files = (
			);
			runOnlyForDeploymentPostprocessing = 0;
		};
		D6E3D4432B6957E500A7E93D /* Frameworks */ = {
			isa = PBXFrameworksBuildPhase;
			buildActionMask = 2147483647;
			files = (
			);
			runOnlyForDeploymentPostprocessing = 0;
		};
/* End PBXFrameworksBuildPhase section */

/* Begin PBXGroup section */
		D6E3D4232B6957E400A7E93D = {
			isa = PBXGroup;
			children = (
				D6E3D42E2B6957E400A7E93D /* HomeKitDemo */,
				D6E3D43F2B6957E500A7E93D /* HomeKitDemoTests */,
				D6E3D4492B6957E500A7E93D /* HomeKitDemoUITests */,
				D6E3D42D2B6957E400A7E93D /* Products */,
			);
			sourceTree = "<group>";
		};
		D6E3D42D2B6957E400A7E93D /* Products */ = {
			isa = PBXGroup;
			children = (
				D6E3D42C2B6957E400A7E93D /* HomeKitDemo.app */,
				D6E3D43C2B6957E500A7E93D /* HomeKitDemoTests.xctest */,
				D6E3D4462B6957E500A7E93D /* HomeKitDemoUITests.xctest */,
			);
			name = Products;
			sourceTree = "<group>";
		};
		D6E3D42E2B6957E400A7E93D /* HomeKitDemo */ = {
			isa = PBXGroup;
			children = (
				D6E3D45A2B6958BF00A7E93D /* Info.plist */,
				D6E3D4592B69588D00A7E93D /* HomeKitDemo.entitlements */,
				D6E3D42F2B6957E400A7E93D /* HomeKitDemoApp.swift */,
				D6E3D4312B6957E400A7E93D /* ContentView.swift */,
				D6E3D4332B6957E500A7E93D /* Assets.xcassets */,
				D6E3D4352B6957E500A7E93D /* Preview Content */,
			);
			path = HomeKitDemo;
			sourceTree = "<group>";
		};
		D6E3D4352B6957E500A7E93D /* Preview Content */ = {
			isa = PBXGroup;
			children = (
				D6E3D4362B6957E500A7E93D /* Preview Assets.xcassets */,
			);
			path = "Preview Content";
			sourceTree = "<group>";
		};
		D6E3D43F2B6957E500A7E93D /* HomeKitDemoTests */ = {
			isa = PBXGroup;
			children = (
				D6E3D4402B6957E500A7E93D /* HomeKitDemoTests.swift */,
			);
			path = HomeKitDemoTests;
			sourceTree = "<group>";
		};
		D6E3D4492B6957E500A7E93D /* HomeKitDemoUITests */ = {
			isa = PBXGroup;
			children = (
				D6E3D44A2B6957E500A7E93D /* HomeKitDemoUITests.swift */,
				D6E3D44C2B6957E500A7E93D /* HomeKitDemoUITestsLaunchTests.swift */,
			);
			path = HomeKitDemoUITests;
			sourceTree = "<group>";
		};
/* End PBXGroup section */

/* Begin PBXNativeTarget section */
		D6E3D42B2B6957E400A7E93D /* HomeKitDemo */ = {
			isa = PBXNativeTarget;
			buildConfigurationList = D6E3D4502B6957E500A7E93D /* Build configuration list for PBXNativeTarget "HomeKitDemo" */;
			buildPhases = (
				D6E3D4282B6957E400A7E93D /* Sources */,
				D6E3D4292B6957E400A7E93D /* Frameworks */,
				D6E3D42A2B6957E400A7E93D /* Resources */,
			);
			buildRules = (
			);
			dependencies = (
			);
			name = HomeKitDemo;
			productName = HomeKitDemo;
			productReference = D6E3D42C2B6957E400A7E93D /* HomeKitDemo.app */;
			productType = "com.apple.product-type.application";
		};
		D6E3D43B2B6957E500A7E93D /* HomeKitDemoTests */ = {
			isa = PBXNativeTarget;
			buildConfigurationList = D6E3D4532B6957E500A7E93D /* Build configuration list for PBXNativeTarget "HomeKitDemoTests" */;
			buildPhases = (
				D6E3D4382B6957E500A7E93D /* Sources */,
				D6E3D4392B6957E500A7E93D /* Frameworks */,
				D6E3D43A2B6957E500A7E93D /* Resources */,
			);
			buildRules = (
			);
			dependencies = (
				D6E3D43E2B6957E500A7E93D /* PBXTargetDependency */,
			);
			name = HomeKitDemoTests;
			productName = HomeKitDemoTests;
			productReference = D6E3D43C2B6957E500A7E93D /* HomeKitDemoTests.xctest */;
			productType = "com.apple.product-type.bundle.unit-test";
		};
		D6E3D4452B6957E500A7E93D /* HomeKitDemoUITests */ = {
			isa = PBXNativeTarget;
			buildConfigurationList = D6E3D4562B6957E500A7E93D /* Build configuration list for PBXNativeTarget "HomeKitDemoUITests" */;
			buildPhases = (
				D6E3D4422B6957E500A7E93D /* Sources */,
				D6E3D4432B6957E500A7E93D /* Frameworks */,
				D6E3D4442B6957E500A7E93D /* Resources */,
			);
			buildRules = (
			);
			dependencies = (
				D6E3D4482B6957E500A7E93D /* PBXTargetDependency */,
			);
			name = HomeKitDemoUITests;
			productName = HomeKitDemoUITests;
			productReference = D6E3D4462B6957E500A7E93D /* HomeKitDemoUITests.xctest */;
			productType = "com.apple.product-type.bundle.ui-testing";
		};
/* End PBXNativeTarget section */

/* Begin PBXProject section */
		D6E3D4242B6957E400A7E93D /* Project object */ = {
			isa = PBXProject;
			attributes = {
				BuildIndependentTargetsInParallel = 1;
				LastSwiftUpdateCheck = 1520;
				LastUpgradeCheck = 1520;
				TargetAttributes = {
					D6E3D42B2B6957E400A7E93D = {
						CreatedOnToolsVersion = 15.2;
					};
					D6E3D43B2B6957E500A7E93D = {
						CreatedOnToolsVersion = 15.2;
						TestTargetID = D6E3D42B2B6957E400A7E93D;
					};
					D6E3D4452B6957E500A7E93D = {
						CreatedOnToolsVersion = 15.2;
						TestTargetID = D6E3D42B2B6957E400A7E93D;
					};
				};
			};
			buildConfigurationList = D6E3D4272B6957E400A7E93D /* Build configuration list for PBXProject "HomeKitDemo" */;
			compatibilityVersion = "Xcode 14.0";
			developmentRegion = en;
			hasScannedForEncodings = 0;
			knownRegions = (
				en,
				Base,
			);
			mainGroup = D6E3D4232B6957E400A7E93D;
			productRefGroup = D6E3D42D2B6957E400A7E93D /* Products */;
			projectDirPath = "";
			projectRoot = "";
			targets = (
				D6E3D42B2B6957E400A7E93D /* HomeKitDemo */,
				D6E3D43B2B6957E500A7E93D /* HomeKitDemoTests */,
				D6E3D4452B6957E500A7E93D /* HomeKitDemoUITests */,
			);
		};
/* End PBXProject section */

/* Begin PBXResourcesBuildPhase section */
		D6E3D42A2B6957E400A7E93D /* Resources */ = {
			isa = PBXResourcesBuildPhase;
			buildActionMask = 2147483647;
			files = (
				D6E3D4372B6957E500A7E93D /* Preview Assets.xcassets in Resources */,
				D6E3D4342B6957E500A7E93D /* Assets.xcassets in Resources */,
			);
			runOnlyForDeploymentPostprocessing = 0;
		};
		D6E3D43A2B6957E500A7E93D /* Resources */ = {
			isa = PBXResourcesBuildPhase;
			buildActionMask = 2147483647;
			files = (
			);
			runOnlyForDeploymentPostprocessing = 0;
		};
		D6E3D4442B6957E500A7E93D /* Resources */ = {
			isa = PBXResourcesBuildPhase;
			buildActionMask = 2147483647;
			files = (
			);
			runOnlyForDeploymentPostprocessing = 0;
		};
/* End PBXResourcesBuildPhase section */

/* Begin PBXSourcesBuildPhase section */
		D6E3D4282B6957E400A7E93D /* Sources */ = {
			isa = PBXSourcesBuildPhase;
			buildActionMask = 2147483647;
			files = (
				D6E3D4322B6957E400A7E93D /* ContentView.swift in Sources */,
				D6E3D4302B6957E400A7E93D /* HomeKitDemoApp.swift in Sources */,
			);
			runOnlyForDeploymentPostprocessing = 0;
		};
		D6E3D4382B6957E500A7E93D /* Sources */ = {
			isa = PBXSourcesBuildPhase;
			buildActionMask = 2147483647;
			files = (
				D6E3D4412B6957E500A7E93D /* HomeKitDemoTests.swift in Sources */,
			);
			runOnlyForDeploymentPostprocessing = 0;
		};
		D6E3D4422B6957E500A7E93D /* Sources */ = {
			isa = PBXSourcesBuildPhase;
			buildActionMask = 2147483647;
			files = (
				D6E3D44B2B6957E500A7E93D /* HomeKitDemoUITests.swift in Sources */,
				D6E3D44D2B6957E500A7E93D /* HomeKitDemoUITestsLaunchTests.swift in Sources */,
			);
			runOnlyForDeploymentPostprocessing = 0;
		};
/* End PBXSourcesBuildPhase section */

/* Begin PBXTargetDependency section */
		D6E3D43E2B6957E500A7E93D /* PBXTargetDependency */ = {
			isa = PBXTargetDependency;
			target = D6E3D42B2B6957E400A7E93D /* HomeKitDemo */;
			targetProxy = D6E3D43D2B6957E500A7E93D /* PBXContainerItemProxy */;
		};
		D6E3D4482B6957E500A7E93D /* PBXTargetDependency */ = {
			isa = PBXTargetDependency;
			target = D6E3D42B2B6957E400A7E93D /* HomeKitDemo */;
			targetProxy = D6E3D4472B6957E500A7E93D /* PBXContainerItemProxy */;
		};
/* End PBXTargetDependency section */

/* Begin XCBuildConfiguration section */
		D6E3D44E2B6957E500A7E93D /* Debug */ = {
			isa = XCBuildConfiguration;
			buildSettings = {
				ALWAYS_SEARCH_USER_PATHS = NO;
				ASSETCATALOG_COMPILER_GENERATE_SWIFT_ASSET_SYMBOL_EXTENSIONS = YES;
				CLANG_ANALYZER_NONNULL = YES;
				CLANG_ANALYZER_NUMBER_OBJECT_CONVERSION = YES_AGGRESSIVE;
				CLANG_CXX_LANGUAGE_STANDARD = "gnu++20";
				CLANG_ENABLE_MODULES = YES;
				CLANG_ENABLE_OBJC_ARC = YES;
				CLANG_ENABLE_OBJC_WEAK = YES;
				CLANG_WARN_BLOCK_CAPTURE_AUTORELEASING = YES;
				CLANG_WARN_BOOL_CONVERSION = YES;
				CLANG_WARN_COMMA = YES;
				CLANG_WARN_CONSTANT_CONVERSION = YES;
				CLANG_WARN_DEPRECATED_OBJC_IMPLEMENTATIONS = YES;
				CLANG_WARN_DIRECT_OBJC_ISA_USAGE = YES_ERROR;
				CLANG_WARN_DOCUMENTATION_COMMENTS = YES;
				CLANG_WARN_EMPTY_BODY = YES;
				CLANG_WARN_ENUM_CONVERSION = YES;
				CLANG_WARN_INFINITE_RECURSION = YES;
				CLANG_WARN_INT_CONVERSION = YES;
				CLANG_WARN_NON_LITERAL_NULL_CONVERSION = YES;
				CLANG_WARN_OBJC_IMPLICIT_RETAIN_SELF = YES;
				CLANG_WARN_OBJC_LITERAL_CONVERSION = YES;
				CLANG_WARN_OBJC_ROOT_CLASS = YES_ERROR;
				CLANG_WARN_QUOTED_INCLUDE_IN_FRAMEWORK_HEADER = YES;
				CLANG_WARN_RANGE_LOOP_ANALYSIS = YES;
				CLANG_WARN_STRICT_PROTOTYPES = YES;
				CLANG_WARN_SUSPICIOUS_MOVE = YES;
				CLANG_WARN_UNGUARDED_AVAILABILITY = YES_AGGRESSIVE;
				CLANG_WARN_UNREACHABLE_CODE = YES;
				CLANG_WARN__DUPLICATE_METHOD_MATCH = YES;
				COPY_PHASE_STRIP = NO;
				DEBUG_INFORMATION_FORMAT = dwarf;
				ENABLE_STRICT_OBJC_MSGSEND = YES;
				ENABLE_TESTABILITY = YES;
				ENABLE_USER_SCRIPT_SANDBOXING = YES;
				GCC_C_LANGUAGE_STANDARD = gnu17;
				GCC_DYNAMIC_NO_PIC = NO;
				GCC_NO_COMMON_BLOCKS = YES;
				GCC_OPTIMIZATION_LEVEL = 0;
				GCC_PREPROCESSOR_DEFINITIONS = (
					"DEBUG=1",
					"$(inherited)",
				);
				GCC_WARN_64_TO_32_BIT_CONVERSION = YES;
				GCC_WARN_ABOUT_RETURN_TYPE = YES_ERROR;
				GCC_WARN_UNDECLARED_SELECTOR = YES;
				GCC_WARN_UNINITIALIZED_AUTOS = YES_AGGRESSIVE;
				GCC_WARN_UNUSED_FUNCTION = YES;
				GCC_WARN_UNUSED_VARIABLE = YES;
				IPHONEOS_DEPLOYMENT_TARGET = 17.2;
				LOCALIZATION_PREFERS_STRING_CATALOGS = YES;
				MTL_ENABLE_DEBUG_INFO = INCLUDE_SOURCE;
				MTL_FAST_MATH = YES;
				ONLY_ACTIVE_ARCH = YES;
				SDKROOT = iphoneos;
				SWIFT_ACTIVE_COMPILATION_CONDITIONS = "DEBUG $(inherited)";
				SWIFT_OPTIMIZATION_LEVEL = "-Onone";
			};
			name = Debug;
		};
		D6E3D44F2B6957E500A7E93D /* Release */ = {
			isa = XCBuildConfiguration;
			buildSettings = {
				ALWAYS_SEARCH_USER_PATHS = NO;
				ASSETCATALOG_COMPILER_GENERATE_SWIFT_ASSET_SYMBOL_EXTENSIONS = YES;
				CLANG_ANALYZER_NONNULL = YES;
				CLANG_ANALYZER_NUMBER_OBJECT_CONVERSION = YES_AGGRESSIVE;
				CLANG_CXX_LANGUAGE_STANDARD = "gnu++20";
				CLANG_ENABLE_MODULES = YES;
				CLANG_ENABLE_OBJC_ARC = YES;
				CLANG_ENABLE_OBJC_WEAK = YES;
				CLANG_WARN_BLOCK_CAPTURE_AUTORELEASING = YES;
				CLANG_WARN_BOOL_CONVERSION = YES;
				CLANG_WARN_COMMA = YES;
				CLANG_WARN_CONSTANT_CONVERSION = YES;
				CLANG_WARN_DEPRECATED_OBJC_IMPLEMENTATIONS = YES;
				CLANG_WARN_DIRECT_OBJC_ISA_USAGE = YES_ERROR;
				CLANG_WARN_DOCUMENTATION_COMMENTS = YES;
				CLANG_WARN_EMPTY_BODY = YES;
				CLANG_WARN_ENUM_CONVERSION = YES;
				CLANG_WARN_INFINITE_RECURSION = YES;
				CLANG_WARN_INT_CONVERSION = YES;
				CLANG_WARN_NON_LITERAL_NULL_CONVERSION = YES;
				CLANG_WARN_OBJC_IMPLICIT_RETAIN_SELF = YES;
				CLANG_WARN_OBJC_LITERAL_CONVERSION = YES;
				CLANG_WARN_OBJC_ROOT_CLASS = YES_ERROR;
				CLANG_WARN_QUOTED_INCLUDE_IN_FRAMEWORK_HEADER = YES;
				CLANG_WARN_RANGE_LOOP_ANALYSIS = YES;
				CLANG_WARN_STRICT_PROTOTYPES = YES;
				CLANG_WARN_SUSPICIOUS_MOVE = YES;
				CLANG_WARN_UNGUARDED_AVAILABILITY = YES_AGGRESSIVE;
				CLANG_WARN_UNREACHABLE_CODE = YES;
				CLANG_WARN__DUPLICATE_METHOD_MATCH = YES;
				COPY_PHASE_STRIP = NO;
				DEBUG_INFORMATION_FORMAT = "dwarf-with-dsym";
				ENABLE_NS_ASSERTIONS = NO;
				ENABLE_STRICT_OBJC_MSGSEND = YES;
				ENABLE_USER_SCRIPT_SANDBOXING = YES;
				GCC_C_LANGUAGE_STANDARD = gnu17;
				GCC_NO_COMMON_BLOCKS = YES;
				GCC_WARN_64_TO_32_BIT_CONVERSION = YES;
				GCC_WARN_ABOUT_RETURN_TYPE = YES_ERROR;
				GCC_WARN_UNDECLARED_SELECTOR = YES;
				GCC_WARN_UNINITIALIZED_AUTOS = YES_AGGRESSIVE;
				GCC_WARN_UNUSED_FUNCTION = YES;
				GCC_WARN_UNUSED_VARIABLE = YES;
				IPHONEOS_DEPLOYMENT_TARGET = 17.2;
				LOCALIZATION_PREFERS_STRING_CATALOGS = YES;
				MTL_ENABLE_DEBUG_INFO = NO;
				MTL_FAST_MATH = YES;
				SDKROOT = iphoneos;
				SWIFT_COMPILATION_MODE = wholemodule;
				VALIDATE_PRODUCT = YES;
			};
			name = Release;
		};
		D6E3D4512B6957E500A7E93D /* Debug */ = {
			isa = XCBuildConfiguration;
			buildSettings = {
				ASSETCATALOG_COMPILER_APPICON_NAME = AppIcon;
				ASSETCATALOG_COMPILER_GLOBAL_ACCENT_COLOR_NAME = AccentColor;
				CODE_SIGN_ENTITLEMENTS = HomeKitDemo/HomeKitDemo.entitlements;
				CODE_SIGN_STYLE = Automatic;
				CURRENT_PROJECT_VERSION = 1;
				DEVELOPMENT_ASSET_PATHS = "\"HomeKitDemo/Preview Content\"";
				DEVELOPMENT_TEAM = K6LJCT8RAA;
				ENABLE_PREVIEWS = YES;
				GENERATE_INFOPLIST_FILE = YES;
				INFOPLIST_FILE = HomeKitDemo/Info.plist;
				INFOPLIST_KEY_NSHomeKitUsageDescription = "HomeKit usage";
				INFOPLIST_KEY_UIApplicationSceneManifest_Generation = YES;
				INFOPLIST_KEY_UIApplicationSupportsIndirectInputEvents = YES;
				INFOPLIST_KEY_UILaunchScreen_Generation = YES;
				INFOPLIST_KEY_UISupportedInterfaceOrientations_iPad = "UIInterfaceOrientationPortrait UIInterfaceOrientationPortraitUpsideDown UIInterfaceOrientationLandscapeLeft UIInterfaceOrientationLandscapeRight";
				INFOPLIST_KEY_UISupportedInterfaceOrientations_iPhone = "UIInterfaceOrientationPortrait UIInterfaceOrientationLandscapeLeft UIInterfaceOrientationLandscapeRight";
				LD_RUNPATH_SEARCH_PATHS = (
					"$(inherited)",
					"@executable_path/Frameworks",
				);
				MARKETING_VERSION = 1.0;
				PRODUCT_BUNDLE_IDENTIFIER = com.template.HomeKitDemo;
				PRODUCT_NAME = "$(TARGET_NAME)";
				SWIFT_EMIT_LOC_STRINGS = YES;
				SWIFT_VERSION = 5.0;
				TARGETED_DEVICE_FAMILY = "1,2";
			};
			name = Debug;
		};
		D6E3D4522B6957E500A7E93D /* Release */ = {
			isa = XCBuildConfiguration;
			buildSettings = {
				ASSETCATALOG_COMPILER_APPICON_NAME = AppIcon;
				ASSETCATALOG_COMPILER_GLOBAL_ACCENT_COLOR_NAME = AccentColor;
				CODE_SIGN_ENTITLEMENTS = HomeKitDemo/HomeKitDemo.entitlements;
				CODE_SIGN_STYLE = Automatic;
				CURRENT_PROJECT_VERSION = 1;
				DEVELOPMENT_ASSET_PATHS = "\"HomeKitDemo/Preview Content\"";
				DEVELOPMENT_TEAM = K6LJCT8RAA;
				ENABLE_PREVIEWS = YES;
				GENERATE_INFOPLIST_FILE = YES;
				INFOPLIST_FILE = HomeKitDemo/Info.plist;
				INFOPLIST_KEY_NSHomeKitUsageDescription = "HomeKit usage";
				INFOPLIST_KEY_UIApplicationSceneManifest_Generation = YES;
				INFOPLIST_KEY_UIApplicationSupportsIndirectInputEvents = YES;
				INFOPLIST_KEY_UILaunchScreen_Generation = YES;
				INFOPLIST_KEY_UISupportedInterfaceOrientations_iPad = "UIInterfaceOrientationPortrait UIInterfaceOrientationPortraitUpsideDown UIInterfaceOrientationLandscapeLeft UIInterfaceOrientationLandscapeRight";
				INFOPLIST_KEY_UISupportedInterfaceOrientations_iPhone = "UIInterfaceOrientationPortrait UIInterfaceOrientationLandscapeLeft UIInterfaceOrientationLandscapeRight";
				LD_RUNPATH_SEARCH_PATHS = (
					"$(inherited)",
					"@executable_path/Frameworks",
				);
				MARKETING_VERSION = 1.0;
				PRODUCT_BUNDLE_IDENTIFIER = com.template.HomeKitDemo;
				PRODUCT_NAME = "$(TARGET_NAME)";
				SWIFT_EMIT_LOC_STRINGS = YES;
				SWIFT_VERSION = 5.0;
				TARGETED_DEVICE_FAMILY = "1,2";
			};
			name = Release;
		};
		D6E3D4542B6957E500A7E93D /* Debug */ = {
			isa = XCBuildConfiguration;
			buildSettings = {
				ALWAYS_EMBED_SWIFT_STANDARD_LIBRARIES = YES;
				BUNDLE_LOADER = "$(TEST_HOST)";
				CODE_SIGN_STYLE = Automatic;
				CURRENT_PROJECT_VERSION = 1;
				DEVELOPMENT_TEAM = K6LJCT8RAA;
				GENERATE_INFOPLIST_FILE = YES;
				IPHONEOS_DEPLOYMENT_TARGET = 17.2;
				MARKETING_VERSION = 1.0;
				PRODUCT_BUNDLE_IDENTIFIER = com.template.HomeKitDemoTests;
				PRODUCT_NAME = "$(TARGET_NAME)";
				SWIFT_EMIT_LOC_STRINGS = NO;
				SWIFT_VERSION = 5.0;
				TARGETED_DEVICE_FAMILY = "1,2";
				TEST_HOST = "$(BUILT_PRODUCTS_DIR)/HomeKitDemo.app/$(BUNDLE_EXECUTABLE_FOLDER_PATH)/HomeKitDemo";
			};
			name = Debug;
		};
		D6E3D4552B6957E500A7E93D /* Release */ = {
			isa = XCBuildConfiguration;
			buildSettings = {
				ALWAYS_EMBED_SWIFT_STANDARD_LIBRARIES = YES;
				BUNDLE_LOADER = "$(TEST_HOST)";
				CODE_SIGN_STYLE = Automatic;
				CURRENT_PROJECT_VERSION = 1;
				DEVELOPMENT_TEAM = K6LJCT8RAA;
				GENERATE_INFOPLIST_FILE = YES;
				IPHONEOS_DEPLOYMENT_TARGET = 17.2;
				MARKETING_VERSION = 1.0;
				PRODUCT_BUNDLE_IDENTIFIER = com.template.HomeKitDemoTests;
				PRODUCT_NAME = "$(TARGET_NAME)";
				SWIFT_EMIT_LOC_STRINGS = NO;
				SWIFT_VERSION = 5.0;
				TARGETED_DEVICE_FAMILY = "1,2";
				TEST_HOST = "$(BUILT_PRODUCTS_DIR)/HomeKitDemo.app/$(BUNDLE_EXECUTABLE_FOLDER_PATH)/HomeKitDemo";
			};
			name = Release;
		};
		D6E3D4572B6957E500A7E93D /* Debug */ = {
			isa = XCBuildConfiguration;
			buildSettings = {
				ALWAYS_EMBED_SWIFT_STANDARD_LIBRARIES = YES;
				CODE_SIGN_STYLE = Automatic;
				CURRENT_PROJECT_VERSION = 1;
				DEVELOPMENT_TEAM = K6LJCT8RAA;
				GENERATE_INFOPLIST_FILE = YES;
				MARKETING_VERSION = 1.0;
				PRODUCT_BUNDLE_IDENTIFIER = com.template.HomeKitDemoUITests;
				PRODUCT_NAME = "$(TARGET_NAME)";
				SWIFT_EMIT_LOC_STRINGS = NO;
				SWIFT_VERSION = 5.0;
				TARGETED_DEVICE_FAMILY = "1,2";
				TEST_TARGET_NAME = HomeKitDemo;
			};
			name = Debug;
		};
		D6E3D4582B6957E500A7E93D /* Release */ = {
			isa = XCBuildConfiguration;
			buildSettings = {
				ALWAYS_EMBED_SWIFT_STANDARD_LIBRARIES = YES;
				CODE_SIGN_STYLE = Automatic;
				CURRENT_PROJECT_VERSION = 1;
				DEVELOPMENT_TEAM = K6LJCT8RAA;
				GENERATE_INFOPLIST_FILE = YES;
				MARKETING_VERSION = 1.0;
				PRODUCT_BUNDLE_IDENTIFIER = com.template.HomeKitDemoUITests;
				PRODUCT_NAME = "$(TARGET_NAME)";
				SWIFT_EMIT_LOC_STRINGS = NO;
				SWIFT_VERSION = 5.0;
				TARGETED_DEVICE_FAMILY = "1,2";
				TEST_TARGET_NAME = HomeKitDemo;
			};
			name = Release;
		};
/* End XCBuildConfiguration section */

/* Begin XCConfigurationList section */
		D6E3D4272B6957E400A7E93D /* Build configuration list for PBXProject "HomeKitDemo" */ = {
			isa = XCConfigurationList;
			buildConfigurations = (
				D6E3D44E2B6957E500A7E93D /* Debug */,
				D6E3D44F2B6957E500A7E93D /* Release */,
			);
			defaultConfigurationIsVisible = 0;
			defaultConfigurationName = Release;
		};
		D6E3D4502B6957E500A7E93D /* Build configuration list for PBXNativeTarget "HomeKitDemo" */ = {
			isa = XCConfigurationList;
			buildConfigurations = (
				D6E3D4512B6957E500A7E93D /* Debug */,
				D6E3D4522B6957E500A7E93D /* Release */,
			);
			defaultConfigurationIsVisible = 0;
			defaultConfigurationName = Release;
		};
		D6E3D4532B6957E500A7E93D /* Build configuration list for PBXNativeTarget "HomeKitDemoTests" */ = {
			isa = XCConfigurationList;
			buildConfigurations = (
				D6E3D4542B6957E500A7E93D /* Debug */,
				D6E3D4552B6957E500A7E93D /* Release */,
			);
			defaultConfigurationIsVisible = 0;
			defaultConfigurationName = Release;
		};
		D6E3D4562B6957E500A7E93D /* Build configuration list for PBXNativeTarget "HomeKitDemoUITests" */ = {
			isa = XCConfigurationList;
			buildConfigurations = (
				D6E3D4572B6957E500A7E93D /* Debug */,
				D6E3D4582B6957E500A7E93D /* Release */,
			);
			defaultConfigurationIsVisible = 0;
			defaultConfigurationName = Release;
		};
/* End XCConfigurationList section */
	};
	rootObject = D6E3D4242B6957E400A7E93D /* Project object */;
}
